
Microsoft Visual Studio Solution File, Format Version 12.00
# Visual Studio 2015
Project("{FAE04EC0-301F-11D3-BF4B-00C04F79EFBC}") = "UnityVS.slua.CSharp", "UnityVS.slua.CSharp.csproj", "{84D735AB-5648-52F8-3513-73666F34414D}"
EndProject
Project("{FAE04EC0-301F-11D3-BF4B-00C04F79EFBC}") = "UnityVS.slua.CSharp.Editor", "UnityVS.slua.CSharp.Editor.csproj", "{7CE070A1-C797-7BD5-7A28-B6083ADFE031}"
EndProject
Global
	GlobalSection(SolutionConfigurationPlatforms) = preSolution
		Debug|Any CPU = Debug|Any CPU
		Release|Any CPU = Release|Any CPU
	EndGlobalSection
	GlobalSection(ProjectConfigurationPlatforms) = postSolution
		{84D735AB-5648-52F8-3513-73666F34414D}.Debug|Any CPU.ActiveCfg = Debug|Any CPU
		{84D735AB-5648-52F8-3513-73666F34414D}.Debug|Any CPU.Build.0 = Debug|Any CPU
		{84D735AB-5648-52F8-3513-73666F34414D}.Release|Any CPU.ActiveCfg = Release|Any CPU
		{84D735AB-5648-52F8-3513-73666F34414D}.Release|Any CPU.Build.0 = Release|Any CPU
		{7CE070A1-C797-7BD5-7A28-B6083ADFE031}.Debug|Any CPU.ActiveCfg = Debug|Any CPU
		{7CE070A1-C797-7BD5-7A28-B6083ADFE031}.Debug|Any CPU.Build.0 = Debug|Any CPU
		{7CE070A1-C797-7BD5-7A28-B6083ADFE031}.Release|Any CPU.ActiveCfg = Release|Any CPU
		{7CE070A1-C797-7BD5-7A28-B6083ADFE031}.Release|Any CPU.Build.0 = Release|Any CPU
	EndGlobalSection
	GlobalSection(SolutionProperties) = preSolution
		HideSolutionNode = FALSE
	EndGlobalSection
EndGlobal
